
Microsoft Visual Studio Solution File, Format Version 12.00
Project("{FAE04EC0-301F-11D3-BF4B-00C04F79EFBC}") = "ATagsCounter", "ATagsCounter\src\ATagsCounter\ATagsCounter.csproj", "{6094A999-8A42-44BF-A1E0-3A5735A06A3A}"
EndProject
Project("{FAE04EC0-301F-11D3-BF4B-00C04F79EFBC}") = "Auction", "Auction\src\Auction\Auction.csproj", "{3B76467A-E1EB-478F-8291-9CE233863882}"
EndProject
Project("{FAE04EC0-301F-11D3-BF4B-00C04F79EFBC}") = "Auction.Tests", "Auction\src\Auction.Tests\Auction.Tests.csproj", "{9E3AFFD5-63F0-4DDB-8D34-34AD28BEC7D8}"
EndProject
Project("{2150E333-8FDC-42A3-9474-1A3956D46DE8}") = "Auction", "Auction", "{67626F0A-BA65-4C53-AFCF-B7872A7B91AF}"
EndProject
Project("{FAE04EC0-301F-11D3-BF4B-00C04F79EFBC}") = "Gridnine", "Gridnine\src\Gridnine\Gridnine.csproj", "{D2652DE7-6B5D-4ED5-A2EB-183704BDB2F3}"
EndProject
Project("{FAE04EC0-301F-11D3-BF4B-00C04F79EFBC}") = "Gridnine.Tests", "Gridnine\src\Gridnine.Tests\Gridnine.Tests.csproj", "{D10F5C7E-316E-4069-9E8F-9FFDE249E723}"
EndProject
Project("{2150E333-8FDC-42A3-9474-1A3956D46DE8}") = "Gridnine", "Gridnine", "{69FC77E4-9028-4BC5-AC13-FA4FE0937F35}"
EndProject
Project("{FAE04EC0-301F-11D3-BF4B-00C04F79EFBC}") = "MindboxTest", "MindboxTest\src\MindboxTest\MindboxTest.csproj", "{A0F04AFE-D672-4A4A-B951-F572B133B381}"
EndProject
Project("{FAE04EC0-301F-11D3-BF4B-00C04F79EFBC}") = "MindboxTest.Tests", "MindboxTest\src\MindboxTest.Tests\MindboxTest.Tests.csproj", "{662EEE4E-B377-4398-AC38-3B2A2C77A4D8}"
EndProject
Project("{2150E333-8FDC-42A3-9474-1A3956D46DE8}") = "Mindbox", "Mindbox", "{B6833A8B-AAE8-472E-9B81-AF7BAC5A793E}"
EndProject
Project("{FAE04EC0-301F-11D3-BF4B-00C04F79EFBC}") = "TreeViewTest", "TreeViewTest\src\TreeViewTest\TreeViewTest.csproj", "{ADDADA84-DE12-4E2F-B854-1E200244C9AC}"
EndProject
Project("{FAE04EC0-301F-11D3-BF4B-00C04F79EFBC}") = "WebApiTest", "WebApiTest\src\WebApiTest\WebApiTest.csproj", "{7B3611D0-FE29-4D3F-9964-0EF157A140F2}"
EndProject
Global
	GlobalSection(SolutionConfigurationPlatforms) = preSolution
		Debug|Any CPU = Debug|Any CPU
		Release|Any CPU = Release|Any CPU
	EndGlobalSection
	GlobalSection(ProjectConfigurationPlatforms) = postSolution
		{6094A999-8A42-44BF-A1E0-3A5735A06A3A}.Debug|Any CPU.ActiveCfg = Debug|Any CPU
		{6094A999-8A42-44BF-A1E0-3A5735A06A3A}.Debug|Any CPU.Build.0 = Debug|Any CPU
		{6094A999-8A42-44BF-A1E0-3A5735A06A3A}.Release|Any CPU.ActiveCfg = Release|Any CPU
		{6094A999-8A42-44BF-A1E0-3A5735A06A3A}.Release|Any CPU.Build.0 = Release|Any CPU
		{3B76467A-E1EB-478F-8291-9CE233863882}.Debug|Any CPU.ActiveCfg = Debug|Any CPU
		{3B76467A-E1EB-478F-8291-9CE233863882}.Debug|Any CPU.Build.0 = Debug|Any CPU
		{3B76467A-E1EB-478F-8291-9CE233863882}.Release|Any CPU.ActiveCfg = Release|Any CPU
		{3B76467A-E1EB-478F-8291-9CE233863882}.Release|Any CPU.Build.0 = Release|Any CPU
		{9E3AFFD5-63F0-4DDB-8D34-34AD28BEC7D8}.Debug|Any CPU.ActiveCfg = Debug|Any CPU
		{9E3AFFD5-63F0-4DDB-8D34-34AD28BEC7D8}.Debug|Any CPU.Build.0 = Debug|Any CPU
		{9E3AFFD5-63F0-4DDB-8D34-34AD28BEC7D8}.Release|Any CPU.ActiveCfg = Release|Any CPU
		{9E3AFFD5-63F0-4DDB-8D34-34AD28BEC7D8}.Release|Any CPU.Build.0 = Release|Any CPU
		{D2652DE7-6B5D-4ED5-A2EB-183704BDB2F3}.Debug|Any CPU.ActiveCfg = Debug|Any CPU
		{D2652DE7-6B5D-4ED5-A2EB-183704BDB2F3}.Debug|Any CPU.Build.0 = Debug|Any CPU
		{D2652DE7-6B5D-4ED5-A2EB-183704BDB2F3}.Release|Any CPU.ActiveCfg = Release|Any CPU
		{D2652DE7-6B5D-4ED5-A2EB-183704BDB2F3}.Release|Any CPU.Build.0 = Release|Any CPU
		{D10F5C7E-316E-4069-9E8F-9FFDE249E723}.Debug|Any CPU.ActiveCfg = Debug|Any CPU
		{D10F5C7E-316E-4069-9E8F-9FFDE249E723}.Debug|Any CPU.Build.0 = Debug|Any CPU
		{D10F5C7E-316E-4069-9E8F-9FFDE249E723}.Release|Any CPU.ActiveCfg = Release|Any CPU
		{D10F5C7E-316E-4069-9E8F-9FFDE249E723}.Release|Any CPU.Build.0 = Release|Any CPU
		{A0F04AFE-D672-4A4A-B951-F572B133B381}.Debug|Any CPU.ActiveCfg = Debug|Any CPU
		{A0F04AFE-D672-4A4A-B951-F572B133B381}.Debug|Any CPU.Build.0 = Debug|Any CPU
		{A0F04AFE-D672-4A4A-B951-F572B133B381}.Release|Any CPU.ActiveCfg = Release|Any CPU
		{A0F04AFE-D672-4A4A-B951-F572B133B381}.Release|Any CPU.Build.0 = Release|Any CPU
		{662EEE4E-B377-4398-AC38-3B2A2C77A4D8}.Debug|Any CPU.ActiveCfg = Debug|Any CPU
		{662EEE4E-B377-4398-AC38-3B2A2C77A4D8}.Debug|Any CPU.Build.0 = Debug|Any CPU
		{662EEE4E-B377-4398-AC38-3B2A2C77A4D8}.Release|Any CPU.ActiveCfg = Release|Any CPU
		{662EEE4E-B377-4398-AC38-3B2A2C77A4D8}.Release|Any CPU.Build.0 = Release|Any CPU
		{ADDADA84-DE12-4E2F-B854-1E200244C9AC}.Debug|Any CPU.ActiveCfg = Debug|Any CPU
		{ADDADA84-DE12-4E2F-B854-1E200244C9AC}.Debug|Any CPU.Build.0 = Debug|Any CPU
		{ADDADA84-DE12-4E2F-B854-1E200244C9AC}.Release|Any CPU.ActiveCfg = Release|Any CPU
		{ADDADA84-DE12-4E2F-B854-1E200244C9AC}.Release|Any CPU.Build.0 = Release|Any CPU
		{7B3611D0-FE29-4D3F-9964-0EF157A140F2}.Debug|Any CPU.ActiveCfg = Debug|Any CPU
		{7B3611D0-FE29-4D3F-9964-0EF157A140F2}.Debug|Any CPU.Build.0 = Debug|Any CPU
		{7B3611D0-FE29-4D3F-9964-0EF157A140F2}.Release|Any CPU.ActiveCfg = Release|Any CPU
		{7B3611D0-FE29-4D3F-9964-0EF157A140F2}.Release|Any CPU.Build.0 = Release|Any CPU
	EndGlobalSection
	GlobalSection(NestedProjects) = preSolution
		{3B76467A-E1EB-478F-8291-9CE233863882} = {67626F0A-BA65-4C53-AFCF-B7872A7B91AF}
		{9E3AFFD5-63F0-4DDB-8D34-34AD28BEC7D8} = {67626F0A-BA65-4C53-AFCF-B7872A7B91AF}
		{D2652DE7-6B5D-4ED5-A2EB-183704BDB2F3} = {69FC77E4-9028-4BC5-AC13-FA4FE0937F35}
		{D10F5C7E-316E-4069-9E8F-9FFDE249E723} = {69FC77E4-9028-4BC5-AC13-FA4FE0937F35}
		{A0F04AFE-D672-4A4A-B951-F572B133B381} = {B6833A8B-AAE8-472E-9B81-AF7BAC5A793E}
		{662EEE4E-B377-4398-AC38-3B2A2C77A4D8} = {B6833A8B-AAE8-472E-9B81-AF7BAC5A793E}
	EndGlobalSection
EndGlobal
